// !$*UTF8*$!
{
	archiveVersion = 1;
	classes = {
	};
	objectVersion = 56;
	objects = {

/* Begin PBXBuildFile section */
		DC053F932C80953E00E07150 /* WeatherCardViewModel.swift in Sources */ = {isa = PBXBuildFile; fileRef = DC053F922C80953E00E07150 /* WeatherCardViewModel.swift */; };
		DC053F962C80AA7300E07150 /* simpleWeatherApi.json in Resources */ = {isa = PBXBuildFile; fileRef = DC053F952C80AA7300E07150 /* simpleWeatherApi.json */; };
		DC3831D22C7F70B800B05949 /* SecondViewController.swift in Sources */ = {isa = PBXBuildFile; fileRef = DC3831D12C7F70B800B05949 /* SecondViewController.swift */; };
		DC77326E2C80AD8500552A5F /* weatherStruct.swift in Sources */ = {isa = PBXBuildFile; fileRef = DC77326D2C80AD8400552A5F /* weatherStruct.swift */; };
		DCD601682C7E1C1600C8DAFF /* AppDelegate.swift in Sources */ = {isa = PBXBuildFile; fileRef = DCD601672C7E1C1600C8DAFF /* AppDelegate.swift */; };
		DCD6016A2C7E1C1600C8DAFF /* SceneDelegate.swift in Sources */ = {isa = PBXBuildFile; fileRef = DCD601692C7E1C1600C8DAFF /* SceneDelegate.swift */; };
		DCD6016C2C7E1C1600C8DAFF /* ViewController.swift in Sources */ = {isa = PBXBuildFile; fileRef = DCD6016B2C7E1C1600C8DAFF /* ViewController.swift */; };
		DCD601712C7E1C1700C8DAFF /* Assets.xcassets in Resources */ = {isa = PBXBuildFile; fileRef = DCD601702C7E1C1700C8DAFF /* Assets.xcassets */; };
		DCD601742C7E1C1700C8DAFF /* LaunchScreen.storyboard in Resources */ = {isa = PBXBuildFile; fileRef = DCD601722C7E1C1700C8DAFF /* LaunchScreen.storyboard */; };
		DCD6017D2C7E1E0300C8DAFF /* TabBarViewController.swift in Sources */ = {isa = PBXBuildFile; fileRef = DCD6017C2C7E1E0300C8DAFF /* TabBarViewController.swift */; };
		DCD601812C7E201300C8DAFF /* HeaderComponent.swift in Sources */ = {isa = PBXBuildFile; fileRef = DCD601802C7E201300C8DAFF /* HeaderComponent.swift */; };
		DCD601842C7E2F1500C8DAFF /* CustomStatusBarViewController.swift in Sources */ = {isa = PBXBuildFile; fileRef = DCD601832C7E2F1500C8DAFF /* CustomStatusBarViewController.swift */; };
/* End PBXBuildFile section */

/* Begin PBXFileReference section */
		DC053F922C80953E00E07150 /* WeatherCardViewModel.swift */ = {isa = PBXFileReference; lastKnownFileType = sourcecode.swift; path = WeatherCardViewModel.swift; sourceTree = "<group>"; };
		DC053F952C80AA7300E07150 /* simpleWeatherApi.json */ = {isa = PBXFileReference; lastKnownFileType = text.json; path = simpleWeatherApi.json; sourceTree = "<group>"; };
		DC3831D12C7F70B800B05949 /* SecondViewController.swift */ = {isa = PBXFileReference; lastKnownFileType = sourcecode.swift; path = SecondViewController.swift; sourceTree = "<group>"; };
		DC77326D2C80AD8400552A5F /* weatherStruct.swift */ = {isa = PBXFileReference; lastKnownFileType = sourcecode.swift; path = weatherStruct.swift; sourceTree = "<group>"; };
		DCD601642C7E1C1600C8DAFF /* ProjetoFodaseDaSilva.app */ = {isa = PBXFileReference; explicitFileType = wrapper.application; includeInIndex = 0; path = ProjetoFodaseDaSilva.app; sourceTree = BUILT_PRODUCTS_DIR; };
		DCD601672C7E1C1600C8DAFF /* AppDelegate.swift */ = {isa = PBXFileReference; lastKnownFileType = sourcecode.swift; path = AppDelegate.swift; sourceTree = "<group>"; };
		DCD601692C7E1C1600C8DAFF /* SceneDelegate.swift */ = {isa = PBXFileReference; lastKnownFileType = sourcecode.swift; path = SceneDelegate.swift; sourceTree = "<group>"; };
		DCD6016B2C7E1C1600C8DAFF /* ViewController.swift */ = {isa = PBXFileReference; lastKnownFileType = sourcecode.swift; path = ViewController.swift; sourceTree = "<group>"; };
		DCD601702C7E1C1700C8DAFF /* Assets.xcassets */ = {isa = PBXFileReference; lastKnownFileType = folder.assetcatalog; path = Assets.xcassets; sourceTree = "<group>"; };
		DCD601732C7E1C1700C8DAFF /* Base */ = {isa = PBXFileReference; lastKnownFileType = file.storyboard; name = Base; path = Base.lproj/LaunchScreen.storyboard; sourceTree = "<group>"; };
		DCD601752C7E1C1700C8DAFF /* Info.plist */ = {isa = PBXFileReference; lastKnownFileType = text.plist.xml; path = Info.plist; sourceTree = "<group>"; };
		DCD6017C2C7E1E0300C8DAFF /* TabBarViewController.swift */ = {isa = PBXFileReference; lastKnownFileType = sourcecode.swift; path = TabBarViewController.swift; sourceTree = "<group>"; };
		DCD601802C7E201300C8DAFF /* HeaderComponent.swift */ = {isa = PBXFileReference; lastKnownFileType = sourcecode.swift; path = HeaderComponent.swift; sourceTree = "<group>"; };
		DCD601832C7E2F1500C8DAFF /* CustomStatusBarViewController.swift */ = {isa = PBXFileReference; lastKnownFileType = sourcecode.swift; path = CustomStatusBarViewController.swift; sourceTree = "<group>"; };
/* End PBXFileReference section */

/* Begin PBXFrameworksBuildPhase section */
		DCD601612C7E1C1600C8DAFF /* Frameworks */ = {
			isa = PBXFrameworksBuildPhase;
			buildActionMask = 2147483647;
			files = (
			);
			runOnlyForDeploymentPostprocessing = 0;
		};
/* End PBXFrameworksBuildPhase section */

/* Begin PBXGroup section */
		DC053F8E2C80948000E07150 /* Header */ = {
			isa = PBXGroup;
			children = (
				DCD601802C7E201300C8DAFF /* HeaderComponent.swift */,
			);
			path = Header;
			sourceTree = "<group>";
		};
		DC053F8F2C80948C00E07150 /* Card */ = {
			isa = PBXGroup;
			children = (
				DC053F922C80953E00E07150 /* WeatherCardViewModel.swift */,
			);
			path = Card;
			sourceTree = "<group>";
		};
		DC053F942C80AA3800E07150 /* API */ = {
			isa = PBXGroup;
			children = (
				DC77326C2C80AD6200552A5F /* ApiStruct */,
				DC053F952C80AA7300E07150 /* simpleWeatherApi.json */,
			);
			path = API;
			sourceTree = "<group>";
		};
		DC7732692C80AB4600552A5F /* StatusBar */ = {
			isa = PBXGroup;
			children = (
				DCD601832C7E2F1500C8DAFF /* CustomStatusBarViewController.swift */,
			);
			path = StatusBar;
			sourceTree = "<group>";
		};
		DC77326A2C80AB5300552A5F /* Home */ = {
			isa = PBXGroup;
			children = (
				DCD6016B2C7E1C1600C8DAFF /* ViewController.swift */,
			);
			path = Home;
			sourceTree = "<group>";
		};
		DC77326B2C80AB6000552A5F /* Weather */ = {
			isa = PBXGroup;
			children = (
				DC3831D12C7F70B800B05949 /* SecondViewController.swift */,
			);
			path = Weather;
			sourceTree = "<group>";
		};
		DC77326C2C80AD6200552A5F /* ApiStruct */ = {
			isa = PBXGroup;
			children = (
				DC77326D2C80AD8400552A5F /* weatherStruct.swift */,
			);
			path = ApiStruct;
			sourceTree = "<group>";
		};
		DCD6015B2C7E1C1600C8DAFF = {
			isa = PBXGroup;
			children = (
				DCD601662C7E1C1600C8DAFF /* ProjetoFodaseDaSilva */,
				DCD601652C7E1C1600C8DAFF /* Products */,
			);
			sourceTree = "<group>";
		};
		DCD601652C7E1C1600C8DAFF /* Products */ = {
			isa = PBXGroup;
			children = (
				DCD601642C7E1C1600C8DAFF /* ProjetoFodaseDaSilva.app */,
			);
			name = Products;
			sourceTree = "<group>";
		};
		DCD601662C7E1C1600C8DAFF /* ProjetoFodaseDaSilva */ = {
			isa = PBXGroup;
			children = (
				DCD601822C7E2EEA00C8DAFF /* AppConfiguration */,
				DCD6017F2C7E1FE500C8DAFF /* Components */,
				DCD6017E2C7E1E6000C8DAFF /* Views */,
				DCD6017B2C7E1DAB00C8DAFF /* TabBarSettings */,
				DCD601672C7E1C1600C8DAFF /* AppDelegate.swift */,
				DCD601692C7E1C1600C8DAFF /* SceneDelegate.swift */,
				DCD601702C7E1C1700C8DAFF /* Assets.xcassets */,
				DCD601722C7E1C1700C8DAFF /* LaunchScreen.storyboard */,
				DCD601752C7E1C1700C8DAFF /* Info.plist */,
			);
			path = ProjetoFodaseDaSilva;
			sourceTree = "<group>";
		};
		DCD6017B2C7E1DAB00C8DAFF /* TabBarSettings */ = {
			isa = PBXGroup;
			children = (
				DCD6017C2C7E1E0300C8DAFF /* TabBarViewController.swift */,
			);
			path = TabBarSettings;
			sourceTree = "<group>";
		};
		DCD6017E2C7E1E6000C8DAFF /* Views */ = {
			isa = PBXGroup;
			children = (
				DC77326B2C80AB6000552A5F /* Weather */,
				DC77326A2C80AB5300552A5F /* Home */,
			);
			path = Views;
			sourceTree = "<group>";
		};
		DCD6017F2C7E1FE500C8DAFF /* Components */ = {
			isa = PBXGroup;
			children = (
				DC053F8F2C80948C00E07150 /* Card */,
				DC053F8E2C80948000E07150 /* Header */,
			);
			path = Components;
			sourceTree = "<group>";
		};
		DCD601822C7E2EEA00C8DAFF /* AppConfiguration */ = {
			isa = PBXGroup;
			children = (
				DC7732692C80AB4600552A5F /* StatusBar */,
				DC053F942C80AA3800E07150 /* API */,
			);
			path = AppConfiguration;
			sourceTree = "<group>";
		};
/* End PBXGroup section */

/* Begin PBXNativeTarget section */
		DCD601632C7E1C1600C8DAFF /* ProjetoFodaseDaSilva */ = {
			isa = PBXNativeTarget;
			buildConfigurationList = DCD601782C7E1C1700C8DAFF /* Build configuration list for PBXNativeTarget "ProjetoFodaseDaSilva" */;
			buildPhases = (
				DCD601602C7E1C1600C8DAFF /* Sources */,
				DCD601612C7E1C1600C8DAFF /* Frameworks */,
				DCD601622C7E1C1600C8DAFF /* Resources */,
			);
			buildRules = (
			);
			dependencies = (
			);
			name = ProjetoFodaseDaSilva;
			productName = ProjetoFodaseDaSilva;
			productReference = DCD601642C7E1C1600C8DAFF /* ProjetoFodaseDaSilva.app */;
			productType = "com.apple.product-type.application";
		};
/* End PBXNativeTarget section */

/* Begin PBXProject section */
		DCD6015C2C7E1C1600C8DAFF /* Project object */ = {
			isa = PBXProject;
			attributes = {
				BuildIndependentTargetsInParallel = 1;
				LastSwiftUpdateCheck = 1420;
				LastUpgradeCheck = 1420;
				TargetAttributes = {
					DCD601632C7E1C1600C8DAFF = {
						CreatedOnToolsVersion = 14.2;
					};
				};
			};
			buildConfigurationList = DCD6015F2C7E1C1600C8DAFF /* Build configuration list for PBXProject "ProjetoFodaseDaSilva" */;
			compatibilityVersion = "Xcode 14.0";
			developmentRegion = en;
			hasScannedForEncodings = 0;
			knownRegions = (
				en,
				Base,
			);
			mainGroup = DCD6015B2C7E1C1600C8DAFF;
			productRefGroup = DCD601652C7E1C1600C8DAFF /* Products */;
			projectDirPath = "";
			projectRoot = "";
			targets = (
				DCD601632C7E1C1600C8DAFF /* ProjetoFodaseDaSilva */,
			);
		};
/* End PBXProject section */

/* Begin PBXResourcesBuildPhase section */
		DCD601622C7E1C1600C8DAFF /* Resources */ = {
			isa = PBXResourcesBuildPhase;
			buildActionMask = 2147483647;
			files = (
				DCD601742C7E1C1700C8DAFF /* LaunchScreen.storyboard in Resources */,
				DC053F962C80AA7300E07150 /* simpleWeatherApi.json in Resources */,
				DCD601712C7E1C1700C8DAFF /* Assets.xcassets in Resources */,
			);
			runOnlyForDeploymentPostprocessing = 0;
		};
/* End PBXResourcesBuildPhase section */

/* Begin PBXSourcesBuildPhase section */
		DCD601602C7E1C1600C8DAFF /* Sources */ = {
			isa = PBXSourcesBuildPhase;
			buildActionMask = 2147483647;
			files = (
				DCD6017D2C7E1E0300C8DAFF /* TabBarViewController.swift in Sources */,
				DCD601812C7E201300C8DAFF /* HeaderComponent.swift in Sources */,
				DCD6016C2C7E1C1600C8DAFF /* ViewController.swift in Sources */,
				DC053F932C80953E00E07150 /* WeatherCardViewModel.swift in Sources */,
				DCD601682C7E1C1600C8DAFF /* AppDelegate.swift in Sources */,
				DC3831D22C7F70B800B05949 /* SecondViewController.swift in Sources */,
				DCD6016A2C7E1C1600C8DAFF /* SceneDelegate.swift in Sources */,
				DC77326E2C80AD8500552A5F /* weatherStruct.swift in Sources */,
				DCD601842C7E2F1500C8DAFF /* CustomStatusBarViewController.swift in Sources */,
			);
			runOnlyForDeploymentPostprocessing = 0;
		};
/* End PBXSourcesBuildPhase section */

/* Begin PBXVariantGroup section */
		DCD601722C7E1C1700C8DAFF /* LaunchScreen.storyboard */ = {
			isa = PBXVariantGroup;
			children = (
				DCD601732C7E1C1700C8DAFF /* Base */,
			);
			name = LaunchScreen.storyboard;
			sourceTree = "<group>";
		};
/* End PBXVariantGroup section */

/* Begin XCBuildConfiguration section */
		DCD601762C7E1C1700C8DAFF /* Debug */ = {
			isa = XCBuildConfiguration;
			buildSettings = {
				ALWAYS_SEARCH_USER_PATHS = NO;
				CLANG_ANALYZER_NONNULL = YES;
				CLANG_ANALYZER_NUMBER_OBJECT_CONVERSION = YES_AGGRESSIVE;
				CLANG_CXX_LANGUAGE_STANDARD = "gnu++20";
				CLANG_ENABLE_MODULES = YES;
				CLANG_ENABLE_OBJC_ARC = YES;
				CLANG_ENABLE_OBJC_WEAK = YES;
				CLANG_WARN_BLOCK_CAPTURE_AUTORELEASING = YES;
				CLANG_WARN_BOOL_CONVERSION = YES;
				CLANG_WARN_COMMA = YES;
				CLANG_WARN_CONSTANT_CONVERSION = YES;
				CLANG_WARN_DEPRECATED_OBJC_IMPLEMENTATIONS = YES;
				CLANG_WARN_DIRECT_OBJC_ISA_USAGE = YES_ERROR;
				CLANG_WARN_DOCUMENTATION_COMMENTS = YES;
				CLANG_WARN_EMPTY_BODY = YES;
				CLANG_WARN_ENUM_CONVERSION = YES;
				CLANG_WARN_INFINITE_RECURSION = YES;
				CLANG_WARN_INT_CONVERSION = YES;
				CLANG_WARN_NON_LITERAL_NULL_CONVERSION = YES;
				CLANG_WARN_OBJC_IMPLICIT_RETAIN_SELF = YES;
				CLANG_WARN_OBJC_LITERAL_CONVERSION = YES;
				CLANG_WARN_OBJC_ROOT_CLASS = YES_ERROR;
				CLANG_WARN_QUOTED_INCLUDE_IN_FRAMEWORK_HEADER = YES;
				CLANG_WARN_RANGE_LOOP_ANALYSIS = YES;
				CLANG_WARN_STRICT_PROTOTYPES = YES;
				CLANG_WARN_SUSPICIOUS_MOVE = YES;
				CLANG_WARN_UNGUARDED_AVAILABILITY = YES_AGGRESSIVE;
				CLANG_WARN_UNREACHABLE_CODE = YES;
				CLANG_WARN__DUPLICATE_METHOD_MATCH = YES;
				COPY_PHASE_STRIP = NO;
				DEBUG_INFORMATION_FORMAT = dwarf;
				ENABLE_STRICT_OBJC_MSGSEND = YES;
				ENABLE_TESTABILITY = YES;
				GCC_C_LANGUAGE_STANDARD = gnu11;
				GCC_DYNAMIC_NO_PIC = NO;
				GCC_NO_COMMON_BLOCKS = YES;
				GCC_OPTIMIZATION_LEVEL = 0;
				GCC_PREPROCESSOR_DEFINITIONS = (
					"DEBUG=1",
					"$(inherited)",
				);
				GCC_WARN_64_TO_32_BIT_CONVERSION = YES;
				GCC_WARN_ABOUT_RETURN_TYPE = YES_ERROR;
				GCC_WARN_UNDECLARED_SELECTOR = YES;
				GCC_WARN_UNINITIALIZED_AUTOS = YES_AGGRESSIVE;
				GCC_WARN_UNUSED_FUNCTION = YES;
				GCC_WARN_UNUSED_VARIABLE = YES;
				IPHONEOS_DEPLOYMENT_TARGET = 16.2;
				MTL_ENABLE_DEBUG_INFO = INCLUDE_SOURCE;
				MTL_FAST_MATH = YES;
				ONLY_ACTIVE_ARCH = YES;
				SDKROOT = iphoneos;
				SWIFT_ACTIVE_COMPILATION_CONDITIONS = DEBUG;
				SWIFT_OPTIMIZATION_LEVEL = "-Onone";
			};
			name = Debug;
		};
		DCD601772C7E1C1700C8DAFF /* Release */ = {
			isa = XCBuildConfiguration;
			buildSettings = {
				ALWAYS_SEARCH_USER_PATHS = NO;
				CLANG_ANALYZER_NONNULL = YES;
				CLANG_ANALYZER_NUMBER_OBJECT_CONVERSION = YES_AGGRESSIVE;
				CLANG_CXX_LANGUAGE_STANDARD = "gnu++20";
				CLANG_ENABLE_MODULES = YES;
				CLANG_ENABLE_OBJC_ARC = YES;
				CLANG_ENABLE_OBJC_WEAK = YES;
				CLANG_WARN_BLOCK_CAPTURE_AUTORELEASING = YES;
				CLANG_WARN_BOOL_CONVERSION = YES;
				CLANG_WARN_COMMA = YES;
				CLANG_WARN_CONSTANT_CONVERSION = YES;
				CLANG_WARN_DEPRECATED_OBJC_IMPLEMENTATIONS = YES;
				CLANG_WARN_DIRECT_OBJC_ISA_USAGE = YES_ERROR;
				CLANG_WARN_DOCUMENTATION_COMMENTS = YES;
				CLANG_WARN_EMPTY_BODY = YES;
				CLANG_WARN_ENUM_CONVERSION = YES;
				CLANG_WARN_INFINITE_RECURSION = YES;
				CLANG_WARN_INT_CONVERSION = YES;
				CLANG_WARN_NON_LITERAL_NULL_CONVERSION = YES;
				CLANG_WARN_OBJC_IMPLICIT_RETAIN_SELF = YES;
				CLANG_WARN_OBJC_LITERAL_CONVERSION = YES;
				CLANG_WARN_OBJC_ROOT_CLASS = YES_ERROR;
				CLANG_WARN_QUOTED_INCLUDE_IN_FRAMEWORK_HEADER = YES;
				CLANG_WARN_RANGE_LOOP_ANALYSIS = YES;
				CLANG_WARN_STRICT_PROTOTYPES = YES;
				CLANG_WARN_SUSPICIOUS_MOVE = YES;
				CLANG_WARN_UNGUARDED_AVAILABILITY = YES_AGGRESSIVE;
				CLANG_WARN_UNREACHABLE_CODE = YES;
				CLANG_WARN__DUPLICATE_METHOD_MATCH = YES;
				COPY_PHASE_STRIP = NO;
				DEBUG_INFORMATION_FORMAT = "dwarf-with-dsym";
				ENABLE_NS_ASSERTIONS = NO;
				ENABLE_STRICT_OBJC_MSGSEND = YES;
				GCC_C_LANGUAGE_STANDARD = gnu11;
				GCC_NO_COMMON_BLOCKS = YES;
				GCC_WARN_64_TO_32_BIT_CONVERSION = YES;
				GCC_WARN_ABOUT_RETURN_TYPE = YES_ERROR;
				GCC_WARN_UNDECLARED_SELECTOR = YES;
				GCC_WARN_UNINITIALIZED_AUTOS = YES_AGGRESSIVE;
				GCC_WARN_UNUSED_FUNCTION = YES;
				GCC_WARN_UNUSED_VARIABLE = YES;
				IPHONEOS_DEPLOYMENT_TARGET = 16.2;
				MTL_ENABLE_DEBUG_INFO = NO;
				MTL_FAST_MATH = YES;
				SDKROOT = iphoneos;
				SWIFT_COMPILATION_MODE = wholemodule;
				SWIFT_OPTIMIZATION_LEVEL = "-O";
				VALIDATE_PRODUCT = YES;
			};
			name = Release;
		};
		DCD601792C7E1C1700C8DAFF /* Debug */ = {
			isa = XCBuildConfiguration;
			buildSettings = {
				ASSETCATALOG_COMPILER_APPICON_NAME = AppIcon;
				ASSETCATALOG_COMPILER_GLOBAL_ACCENT_COLOR_NAME = AccentColor;
				CODE_SIGN_STYLE = Automatic;
				CURRENT_PROJECT_VERSION = 1;
				GENERATE_INFOPLIST_FILE = YES;
				INFOPLIST_FILE = ProjetoFodaseDaSilva/Info.plist;
				INFOPLIST_KEY_UIApplicationSupportsIndirectInputEvents = YES;
				INFOPLIST_KEY_UILaunchStoryboardName = LaunchScreen;
				INFOPLIST_KEY_UISupportedInterfaceOrientations = UIInterfaceOrientationPortrait;
				INFOPLIST_KEY_UISupportedInterfaceOrientations_iPad = "UIInterfaceOrientationLandscapeLeft UIInterfaceOrientationLandscapeRight UIInterfaceOrientationPortrait UIInterfaceOrientationPortraitUpsideDown";
				LD_RUNPATH_SEARCH_PATHS = (
					"$(inherited)",
					"@executable_path/Frameworks",
				);
				MARKETING_VERSION = 1.0;
				PRODUCT_BUNDLE_IDENTIFIER = com.cotemig.ProjetoFodaseDaSilva;
				PRODUCT_NAME = "$(TARGET_NAME)";
				SWIFT_EMIT_LOC_STRINGS = YES;
				SWIFT_VERSION = 5.0;
				TARGETED_DEVICE_FAMILY = "1,2";
			};
			name = Debug;
		};
		DCD6017A2C7E1C1700C8DAFF /* Release */ = {
			isa = XCBuildConfiguration;
			buildSettings = {
				ASSETCATALOG_COMPILER_APPICON_NAME = AppIcon;
				ASSETCATALOG_COMPILER_GLOBAL_ACCENT_COLOR_NAME = AccentColor;
				CODE_SIGN_STYLE = Automatic;
				CURRENT_PROJECT_VERSION = 1;
				GENERATE_INFOPLIST_FILE = YES;
				INFOPLIST_FILE = ProjetoFodaseDaSilva/Info.plist;
				INFOPLIST_KEY_UIApplicationSupportsIndirectInputEvents = YES;
				INFOPLIST_KEY_UILaunchStoryboardName = LaunchScreen;
				INFOPLIST_KEY_UISupportedInterfaceOrientations = UIInterfaceOrientationPortrait;
				INFOPLIST_KEY_UISupportedInterfaceOrientations_iPad = "UIInterfaceOrientationLandscapeLeft UIInterfaceOrientationLandscapeRight UIInterfaceOrientationPortrait UIInterfaceOrientationPortraitUpsideDown";
				LD_RUNPATH_SEARCH_PATHS = (
					"$(inherited)",
					"@executable_path/Frameworks",
				);
				MARKETING_VERSION = 1.0;
				PRODUCT_BUNDLE_IDENTIFIER = com.cotemig.ProjetoFodaseDaSilva;
				PRODUCT_NAME = "$(TARGET_NAME)";
				SWIFT_EMIT_LOC_STRINGS = YES;
				SWIFT_VERSION = 5.0;
				TARGETED_DEVICE_FAMILY = "1,2";
			};
			name = Release;
		};
/* End XCBuildConfiguration section */

/* Begin XCConfigurationList section */
		DCD6015F2C7E1C1600C8DAFF /* Build configuration list for PBXProject "ProjetoFodaseDaSilva" */ = {
			isa = XCConfigurationList;
			buildConfigurations = (
				DCD601762C7E1C1700C8DAFF /* Debug */,
				DCD601772C7E1C1700C8DAFF /* Release */,
			);
			defaultConfigurationIsVisible = 0;
			defaultConfigurationName = Release;
		};
		DCD601782C7E1C1700C8DAFF /* Build configuration list for PBXNativeTarget "ProjetoFodaseDaSilva" */ = {
			isa = XCConfigurationList;
			buildConfigurations = (
				DCD601792C7E1C1700C8DAFF /* Debug */,
				DCD6017A2C7E1C1700C8DAFF /* Release */,
			);
			defaultConfigurationIsVisible = 0;
			defaultConfigurationName = Release;
		};
/* End XCConfigurationList section */
	};
	rootObject = DCD6015C2C7E1C1600C8DAFF /* Project object */;
}
